
Microsoft Visual Studio Solution File, Format Version 12.00
# Visual Studio Version 17
VisualStudioVersion = 17.12.35527.113 d17.12
MinimumVisualStudioVersion = 10.0.40219.1
Project("{FAE04EC0-301F-11D3-BF4B-00C04F79EFBC}") = "ACM", "ACM.csproj", "{6DEE5B5F-8C69-4A5B-82E9-EBE690CA10B9}"
EndProject
Project("{2150E333-8FDC-42A3-9474-1A3956D46DE8}") = "Tests", "Tests", "{A0624FD3-DA9B-4BE6-AA6E-B792FBE4FB89}"
EndProject
Project("{FAE04EC0-301F-11D3-BF4B-00C04F79EFBC}") = "ACM.Test", "..\Tests\ACM.Test\ACM.Test.csproj", "{66CDF6F9-274C-4A5F-B19F-D63BCA783D0C}"
EndProject
Global
	GlobalSection(SolutionConfigurationPlatforms) = preSolution
		Debug|Any CPU = Debug|Any CPU
		Release|Any CPU = Release|Any CPU
	EndGlobalSection
	GlobalSection(ProjectConfigurationPlatforms) = postSolution
		{6DEE5B5F-8C69-4A5B-82E9-EBE690CA10B9}.Debug|Any CPU.ActiveCfg = Debug|Any CPU
		{6DEE5B5F-8C69-4A5B-82E9-EBE690CA10B9}.Debug|Any CPU.Build.0 = Debug|Any CPU
		{6DEE5B5F-8C69-4A5B-82E9-EBE690CA10B9}.Release|Any CPU.ActiveCfg = Release|Any CPU
		{6DEE5B5F-8C69-4A5B-82E9-EBE690CA10B9}.Release|Any CPU.Build.0 = Release|Any CPU
		{66CDF6F9-274C-4A5F-B19F-D63BCA783D0C}.Debug|Any CPU.ActiveCfg = Debug|Any CPU
		{66CDF6F9-274C-4A5F-B19F-D63BCA783D0C}.Debug|Any CPU.Build.0 = Debug|Any CPU
		{66CDF6F9-274C-4A5F-B19F-D63BCA783D0C}.Release|Any CPU.ActiveCfg = Release|Any CPU
		{66CDF6F9-274C-4A5F-B19F-D63BCA783D0C}.Release|Any CPU.Build.0 = Release|Any CPU
	EndGlobalSection
	GlobalSection(SolutionProperties) = preSolution
		HideSolutionNode = FALSE
	EndGlobalSection
	GlobalSection(NestedProjects) = preSolution
		{66CDF6F9-274C-4A5F-B19F-D63BCA783D0C} = {A0624FD3-DA9B-4BE6-AA6E-B792FBE4FB89}
	EndGlobalSection
EndGlobal
